
Microsoft Visual Studio Solution File, Format Version 12.00
# Visual Studio Version 17
VisualStudioVersion = 17.5.33627.172
MinimumVisualStudioVersion = 10.0.40219.1
Project("{FAE04EC0-301F-11D3-BF4B-00C04F79EFBC}") = "Solving", "Solving\Solving.csproj", "{77CB41C4-9C1F-4D19-BD14-16E465E426A0}"
EndProject
Global
	GlobalSection(SolutionConfigurationPlatforms) = preSolution
		Debug|Any CPU = Debug|Any CPU
		Release|Any CPU = Release|Any CPU
	EndGlobalSection
	GlobalSection(ProjectConfigurationPlatforms) = postSolution
		{77CB41C4-9C1F-4D19-BD14-16E465E426A0}.Debug|Any CPU.ActiveCfg = Debug|Any CPU
		{77CB41C4-9C1F-4D19-BD14-16E465E426A0}.Debug|Any CPU.Build.0 = Debug|Any CPU
		{77CB41C4-9C1F-4D19-BD14-16E465E426A0}.Release|Any CPU.ActiveCfg = Release|Any CPU
		{77CB41C4-9C1F-4D19-BD14-16E465E426A0}.Release|Any CPU.Build.0 = Release|Any CPU
	EndGlobalSection
	GlobalSection(SolutionProperties) = preSolution
		HideSolutionNode = FALSE
	EndGlobalSection
	GlobalSection(ExtensibilityGlobals) = postSolution
		SolutionGuid = {3EEA08A9-7684-4E47-A125-D7590C0B16D4}
	EndGlobalSection
EndGlobal
